
Microsoft Visual Studio Solution File, Format Version 12.00
# Visual Studio Version 16
VisualStudioVersion = 16.0.28721.148
MinimumVisualStudioVersion = 10.0.40219.1
Project("{FAE04EC0-301F-11D3-BF4B-00C04F79EFBC}") = "Schleifen und Verzweigungen", "Schleifen und Verzweigungen\Schleifen und Verzweigungen.csproj", "{EAD69CA0-53F7-446E-8381-00A6B5D89CF9}"
EndProject
Global
	GlobalSection(SolutionConfigurationPlatforms) = preSolution
		Debug|Any CPU = Debug|Any CPU
		Release|Any CPU = Release|Any CPU
	EndGlobalSection
	GlobalSection(ProjectConfigurationPlatforms) = postSolution
		{EAD69CA0-53F7-446E-8381-00A6B5D89CF9}.Debug|Any CPU.ActiveCfg = Debug|Any CPU
		{EAD69CA0-53F7-446E-8381-00A6B5D89CF9}.Debug|Any CPU.Build.0 = Debug|Any CPU
		{EAD69CA0-53F7-446E-8381-00A6B5D89CF9}.Release|Any CPU.ActiveCfg = Release|Any CPU
		{EAD69CA0-53F7-446E-8381-00A6B5D89CF9}.Release|Any CPU.Build.0 = Release|Any CPU
	EndGlobalSection
	GlobalSection(SolutionProperties) = preSolution
		HideSolutionNode = FALSE
	EndGlobalSection
	GlobalSection(ExtensibilityGlobals) = postSolution
		SolutionGuid = {D34DC679-44E2-4124-B052-F45F8FBBB355}
	EndGlobalSection
EndGlobal
